
Microsoft Visual Studio Solution File, Format Version 12.00
# Visual Studio Version 16
VisualStudioVersion = 16.0.30011.22
MinimumVisualStudioVersion = 10.0.40219.1
Project("{FAE04EC0-301F-11D3-BF4B-00C04F79EFBC}") = "LabSignup", "LabSignup\LabSignup.csproj", "{3F52110A-5236-47A4-A5C6-84BC6A57E70B}"
EndProject
Project("{54435603-DBB4-11D2-8724-00A0C9A8B90C}") = "Lab Sign In", "Lab Sign In\Lab Sign In.vdproj", "{729E9A63-653D-423E-888D-EE4601086021}"
EndProject
Global
	GlobalSection(SolutionConfigurationPlatforms) = preSolution
		Debug|Any CPU = Debug|Any CPU
		Release|Any CPU = Release|Any CPU
	EndGlobalSection
	GlobalSection(ProjectConfigurationPlatforms) = postSolution
		{3F52110A-5236-47A4-A5C6-84BC6A57E70B}.Debug|Any CPU.ActiveCfg = Debug|Any CPU
		{3F52110A-5236-47A4-A5C6-84BC6A57E70B}.Debug|Any CPU.Build.0 = Debug|Any CPU
		{3F52110A-5236-47A4-A5C6-84BC6A57E70B}.Release|Any CPU.ActiveCfg = Release|Any CPU
		{3F52110A-5236-47A4-A5C6-84BC6A57E70B}.Release|Any CPU.Build.0 = Release|Any CPU
		{729E9A63-653D-423E-888D-EE4601086021}.Debug|Any CPU.ActiveCfg = Debug
		{729E9A63-653D-423E-888D-EE4601086021}.Release|Any CPU.ActiveCfg = Release
	EndGlobalSection
	GlobalSection(SolutionProperties) = preSolution
		HideSolutionNode = FALSE
	EndGlobalSection
	GlobalSection(ExtensibilityGlobals) = postSolution
		SolutionGuid = {E7437AB0-989B-41DF-86EC-F043595A3FE7}
	EndGlobalSection
EndGlobal
